
Microsoft Visual Studio Solution File, Format Version 12.00
# Visual Studio 14
VisualStudioVersion = 14.0.25123.0
MinimumVisualStudioVersion = 10.0.40219.1
Project("{FAE04EC0-301F-11D3-BF4B-00C04F79EFBC}") = "SimpleCache.Net4", "SimpleCache.Net4\SimpleCache.Net4.csproj", "{5A320348-7AE0-421A-B3EC-25FF8FED4243}"
EndProject
Project("{FAE04EC0-301F-11D3-BF4B-00C04F79EFBC}") = "SimpleCache.Tests", "SimpleCache.Tests\SimpleCache.Tests.csproj", "{1E85C24A-1C3E-42DD-878C-707216065B6D}"
EndProject
Project("{FAE04EC0-301F-11D3-BF4B-00C04F79EFBC}") = "SimpleCache.iOS", "SimpleCache.iOS\SimpleCache.iOS.csproj", "{AECC0B9C-1E6F-47ED-9A52-C572039A804E}"
EndProject
Project("{2150E333-8FDC-42A3-9474-1A3956D46DE8}") = "Solution Items", "Solution Items", "{67EF4FC5-A606-4A5D-B367-252ED1C99B0A}"
	ProjectSection(SolutionItems) = preProject
		AUTHORS = AUTHORS
		CommonAssemblyInfo.cs = CommonAssemblyInfo.cs
		LICENSE.txt = LICENSE.txt
		README.md = README.md
		SimpleCache.nuspec = SimpleCache.nuspec
	EndProjectSection
EndProject
Project("{D954291E-2A0B-460D-934E-DC6B0785DB48}") = "SimpleCache.Core", "SimpleCache.Core\SimpleCache.Core.shproj", "{F0F65631-C26B-4A72-B0A3-4A770383A71B}"
EndProject
Project("{FAE04EC0-301F-11D3-BF4B-00C04F79EFBC}") = "SimpleCache.Net45", "SimpleCache.Net45\SimpleCache.Net45.csproj", "{0B199775-AA32-4673-8C1F-9EC88754D751}"
EndProject
Project("{FAE04EC0-301F-11D3-BF4B-00C04F79EFBC}") = "SimpleCache", "SimpleCache\SimpleCache.csproj", "{19CABCAD-C5AD-4008-A4C0-152775CB58AF}"
EndProject
Global
	GlobalSection(SharedMSBuildProjectFiles) = preSolution
		SimpleCache.Core\SimpleCache.Core.projitems*{19cabcad-c5ad-4008-a4c0-152775cb58af}*SharedItemsImports = 4
		SimpleCache.Core\SimpleCache.Core.projitems*{5a320348-7ae0-421a-b3ec-25ff8fed4243}*SharedItemsImports = 4
		SimpleCache.Core\SimpleCache.Core.projitems*{f0f65631-c26b-4a72-b0a3-4a770383a71b}*SharedItemsImports = 13
	EndGlobalSection
	GlobalSection(SolutionConfigurationPlatforms) = preSolution
		Debug|Any CPU = Debug|Any CPU
		Release|Any CPU = Release|Any CPU
	EndGlobalSection
	GlobalSection(ProjectConfigurationPlatforms) = postSolution
		{5A320348-7AE0-421A-B3EC-25FF8FED4243}.Debug|Any CPU.ActiveCfg = Debug|Any CPU
		{5A320348-7AE0-421A-B3EC-25FF8FED4243}.Debug|Any CPU.Build.0 = Debug|Any CPU
		{5A320348-7AE0-421A-B3EC-25FF8FED4243}.Release|Any CPU.ActiveCfg = Release|Any CPU
		{5A320348-7AE0-421A-B3EC-25FF8FED4243}.Release|Any CPU.Build.0 = Release|Any CPU
		{1E85C24A-1C3E-42DD-878C-707216065B6D}.Debug|Any CPU.ActiveCfg = Debug|Any CPU
		{1E85C24A-1C3E-42DD-878C-707216065B6D}.Debug|Any CPU.Build.0 = Debug|Any CPU
		{1E85C24A-1C3E-42DD-878C-707216065B6D}.Release|Any CPU.ActiveCfg = Release|Any CPU
		{1E85C24A-1C3E-42DD-878C-707216065B6D}.Release|Any CPU.Build.0 = Release|Any CPU
		{AECC0B9C-1E6F-47ED-9A52-C572039A804E}.Debug|Any CPU.ActiveCfg = Debug|Any CPU
		{AECC0B9C-1E6F-47ED-9A52-C572039A804E}.Debug|Any CPU.Build.0 = Debug|Any CPU
		{AECC0B9C-1E6F-47ED-9A52-C572039A804E}.Release|Any CPU.ActiveCfg = Release|Any CPU
		{AECC0B9C-1E6F-47ED-9A52-C572039A804E}.Release|Any CPU.Build.0 = Release|Any CPU
		{0B199775-AA32-4673-8C1F-9EC88754D751}.Debug|Any CPU.ActiveCfg = Debug|Any CPU
		{0B199775-AA32-4673-8C1F-9EC88754D751}.Debug|Any CPU.Build.0 = Debug|Any CPU
		{0B199775-AA32-4673-8C1F-9EC88754D751}.Release|Any CPU.ActiveCfg = Release|Any CPU
		{0B199775-AA32-4673-8C1F-9EC88754D751}.Release|Any CPU.Build.0 = Release|Any CPU
		{19CABCAD-C5AD-4008-A4C0-152775CB58AF}.Debug|Any CPU.ActiveCfg = Debug|Any CPU
		{19CABCAD-C5AD-4008-A4C0-152775CB58AF}.Debug|Any CPU.Build.0 = Debug|Any CPU
		{19CABCAD-C5AD-4008-A4C0-152775CB58AF}.Release|Any CPU.ActiveCfg = Release|Any CPU
		{19CABCAD-C5AD-4008-A4C0-152775CB58AF}.Release|Any CPU.Build.0 = Release|Any CPU
	EndGlobalSection
	GlobalSection(SolutionProperties) = preSolution
		HideSolutionNode = FALSE
	EndGlobalSection
EndGlobal
